Microsoft Visual Studio Solution File, Format Version 11.00
# Visual Studio 2008

Project("{F1C455DC-3B99-A72E-12F1-87A76A107B77}") = "Zwijland_Unity_App", "Assembly-CSharp.csproj", "{D81AAB1B-FC5B-6752-0725-595C9DE1A786}"
EndProject
Project("{F1C455DC-3B99-A72E-12F1-87A76A107B77}") = "Zwijland_Unity_App", "Assembly-CSharp-Editor.csproj", "{494DF511-B9B0-A70A-28E7-1E3D6755029F}"
EndProject
Global
	GlobalSection(SolutionConfigurationPlatforms) = preSolution
		Debug|Any CPU = Debug|Any CPU
		Release|Any CPU = Release|Any CPU
	EndGlobalSection
	GlobalSection(ProjectConfigurationPlatforms) = postSolution
		{D81AAB1B-FC5B-6752-0725-595C9DE1A786}.Debug|Any CPU.ActiveCfg = Debug|Any CPU
		{D81AAB1B-FC5B-6752-0725-595C9DE1A786}.Debug|Any CPU.Build.0 = Debug|Any CPU
		{D81AAB1B-FC5B-6752-0725-595C9DE1A786}.Release|Any CPU.ActiveCfg = Release|Any CPU
		{D81AAB1B-FC5B-6752-0725-595C9DE1A786}.Release|Any CPU.Build.0 = Release|Any CPU
		{494DF511-B9B0-A70A-28E7-1E3D6755029F}.Debug|Any CPU.ActiveCfg = Debug|Any CPU
		{494DF511-B9B0-A70A-28E7-1E3D6755029F}.Debug|Any CPU.Build.0 = Debug|Any CPU
		{494DF511-B9B0-A70A-28E7-1E3D6755029F}.Release|Any CPU.ActiveCfg = Release|Any CPU
		{494DF511-B9B0-A70A-28E7-1E3D6755029F}.Release|Any CPU.Build.0 = Release|Any CPU
	EndGlobalSection
	GlobalSection(SolutionProperties) = preSolution
		HideSolutionNode = FALSE
	EndGlobalSection
	GlobalSection(MonoDevelopProperties) = preSolution
		StartupItem = Assembly-CSharp.csproj
	EndGlobalSection
EndGlobal
